// !$*UTF8*$!
{
	archiveVersion = 1;
	classes = {
	};
	objectVersion = 50;
	objects = {

/* Begin PBXBuildFile section */
		37455EBC23CA5C4C0062A012 /* InstructorPunchDetailViewController.swift in Sources */ = {isa = PBXBuildFile; fileRef = 37455EBB23CA5C4C0062A012 /* InstructorPunchDetailViewController.swift */; };
		37455EC023CA615F0062A012 /* PunchPass.swift in Sources */ = {isa = PBXBuildFile; fileRef = 37455EBF23CA615F0062A012 /* PunchPass.swift */; };
		3788BE6623AB1C8F00A0876A /* AppDelegate.swift in Sources */ = {isa = PBXBuildFile; fileRef = 3788BE6523AB1C8F00A0876A /* AppDelegate.swift */; };
		3788BE6823AB1C8F00A0876A /* SceneDelegate.swift in Sources */ = {isa = PBXBuildFile; fileRef = 3788BE6723AB1C8F00A0876A /* SceneDelegate.swift */; };
		3788BE7023AB1C8F00A0876A /* AnywhereFitness1.xcdatamodeld in Sources */ = {isa = PBXBuildFile; fileRef = 3788BE6E23AB1C8F00A0876A /* AnywhereFitness1.xcdatamodeld */; };
		3788BE7223AB1C9200A0876A /* Assets.xcassets in Resources */ = {isa = PBXBuildFile; fileRef = 3788BE7123AB1C9200A0876A /* Assets.xcassets */; };
		3788BE7523AB1C9200A0876A /* LaunchScreen.storyboard in Resources */ = {isa = PBXBuildFile; fileRef = 3788BE7323AB1C9200A0876A /* LaunchScreen.storyboard */; };
		37A32A1123C524A000A693BC /* Login.storyboard in Resources */ = {isa = PBXBuildFile; fileRef = 37A32A1023C524A000A693BC /* Login.storyboard */; };
		37A32A1323C524AD00A693BC /* SignUp.storyboard in Resources */ = {isa = PBXBuildFile; fileRef = 37A32A1223C524AD00A693BC /* SignUp.storyboard */; };
		37A32A1523C524BF00A693BC /* LoginViewController.swift in Sources */ = {isa = PBXBuildFile; fileRef = 37A32A1423C524BF00A693BC /* LoginViewController.swift */; };
		37A32A1723C524CA00A693BC /* SignUpViewController.swift in Sources */ = {isa = PBXBuildFile; fileRef = 37A32A1623C524CA00A693BC /* SignUpViewController.swift */; };
		37A32A1923C5289B00A693BC /* Onboarding.storyboard in Resources */ = {isa = PBXBuildFile; fileRef = 37A32A1823C5289B00A693BC /* Onboarding.storyboard */; };
		37A32A1B23C52C0E00A693BC /* OnboardingViewController.swift in Sources */ = {isa = PBXBuildFile; fileRef = 37A32A1A23C52C0E00A693BC /* OnboardingViewController.swift */; };
		37A32A1D23C52EA100A693BC /* InstructorMain.storyboard in Resources */ = {isa = PBXBuildFile; fileRef = 37A32A1C23C52EA100A693BC /* InstructorMain.storyboard */; };
		37A32A2323C52FEC00A693BC /* ClientMain.storyboard in Resources */ = {isa = PBXBuildFile; fileRef = 37A32A2223C52FEC00A693BC /* ClientMain.storyboard */; };
		37A32A2723C5380900A693BC /* InstructorClassesViewController.swift in Sources */ = {isa = PBXBuildFile; fileRef = 37A32A2623C5380900A693BC /* InstructorClassesViewController.swift */; };
		37A32A2923C5381700A693BC /* InstructorPunchViewController.swift in Sources */ = {isa = PBXBuildFile; fileRef = 37A32A2823C5381700A693BC /* InstructorPunchViewController.swift */; };
		37A32A3023C6E92500A693BC /* NetworkController.swift in Sources */ = {isa = PBXBuildFile; fileRef = 37A32A2F23C6E92500A693BC /* NetworkController.swift */; };
		37A32A3223C6E9BF00A693BC /* Token.swift in Sources */ = {isa = PBXBuildFile; fileRef = 37A32A3123C6E9BF00A693BC /* Token.swift */; };
		37A32A3423C7A0CF00A693BC /* Class.swift in Sources */ = {isa = PBXBuildFile; fileRef = 37A32A3323C7A0CF00A693BC /* Class.swift */; };
		37C727BC23C7A99700A5D557 /* InstructorClassDetailViewController.swift in Sources */ = {isa = PBXBuildFile; fileRef = 37C727BB23C7A99700A5D557 /* InstructorClassDetailViewController.swift */; };
		37C727C123C7B6FF00A5D557 /* ClientClassDetailViewController.swift in Sources */ = {isa = PBXBuildFile; fileRef = 37C727C023C7B6FF00A5D557 /* ClientClassDetailViewController.swift */; };
		37C727C323C7B71100A5D557 /* ClientSearchDetailViewController.swift in Sources */ = {isa = PBXBuildFile; fileRef = 37C727C223C7B71100A5D557 /* ClientSearchDetailViewController.swift */; };
		37C727C523C7BC0000A5D557 /* ClientClassViewController.swift in Sources */ = {isa = PBXBuildFile; fileRef = 37C727C423C7BC0000A5D557 /* ClientClassViewController.swift */; };
		37C727C723C7BC0C00A5D557 /* ClientSearchViewController.swift in Sources */ = {isa = PBXBuildFile; fileRef = 37C727C623C7BC0C00A5D557 /* ClientSearchViewController.swift */; };
/* End PBXBuildFile section */

/* Begin PBXFileReference section */
		37455EBB23CA5C4C0062A012 /* InstructorPunchDetailViewController.swift */ = {isa = PBXFileReference; lastKnownFileType = sourcecode.swift; path = InstructorPunchDetailViewController.swift; sourceTree = "<group>"; };
		37455EBF23CA615F0062A012 /* PunchPass.swift */ = {isa = PBXFileReference; lastKnownFileType = sourcecode.swift; path = PunchPass.swift; sourceTree = "<group>"; };
		3788BE6223AB1C8F00A0876A /* AnywhereFitness1.app */ = {isa = PBXFileReference; explicitFileType = wrapper.application; includeInIndex = 0; path = AnywhereFitness1.app; sourceTree = BUILT_PRODUCTS_DIR; };
		3788BE6523AB1C8F00A0876A /* AppDelegate.swift */ = {isa = PBXFileReference; lastKnownFileType = sourcecode.swift; path = AppDelegate.swift; sourceTree = "<group>"; };
		3788BE6723AB1C8F00A0876A /* SceneDelegate.swift */ = {isa = PBXFileReference; lastKnownFileType = sourcecode.swift; path = SceneDelegate.swift; sourceTree = "<group>"; };
		3788BE6F23AB1C8F00A0876A /* AnywhereFitness1.xcdatamodel */ = {isa = PBXFileReference; lastKnownFileType = wrapper.xcdatamodel; path = AnywhereFitness1.xcdatamodel; sourceTree = "<group>"; };
		3788BE7123AB1C9200A0876A /* Assets.xcassets */ = {isa = PBXFileReference; lastKnownFileType = folder.assetcatalog; path = Assets.xcassets; sourceTree = "<group>"; };
		3788BE7423AB1C9200A0876A /* Base */ = {isa = PBXFileReference; lastKnownFileType = file.storyboard; name = Base; path = Base.lproj/LaunchScreen.storyboard; sourceTree = "<group>"; };
		3788BE7623AB1C9200A0876A /* Info.plist */ = {isa = PBXFileReference; lastKnownFileType = text.plist.xml; path = Info.plist; sourceTree = "<group>"; };
		37A32A1023C524A000A693BC /* Login.storyboard */ = {isa = PBXFileReference; lastKnownFileType = file.storyboard; path = Login.storyboard; sourceTree = "<group>"; };
		37A32A1223C524AD00A693BC /* SignUp.storyboard */ = {isa = PBXFileReference; lastKnownFileType = file.storyboard; path = SignUp.storyboard; sourceTree = "<group>"; };
		37A32A1423C524BF00A693BC /* LoginViewController.swift */ = {isa = PBXFileReference; lastKnownFileType = sourcecode.swift; path = LoginViewController.swift; sourceTree = "<group>"; };
		37A32A1623C524CA00A693BC /* SignUpViewController.swift */ = {isa = PBXFileReference; lastKnownFileType = sourcecode.swift; path = SignUpViewController.swift; sourceTree = "<group>"; };
		37A32A1823C5289B00A693BC /* Onboarding.storyboard */ = {isa = PBXFileReference; lastKnownFileType = file.storyboard; path = Onboarding.storyboard; sourceTree = "<group>"; };
		37A32A1A23C52C0E00A693BC /* OnboardingViewController.swift */ = {isa = PBXFileReference; lastKnownFileType = sourcecode.swift; path = OnboardingViewController.swift; sourceTree = "<group>"; };
		37A32A1C23C52EA100A693BC /* InstructorMain.storyboard */ = {isa = PBXFileReference; lastKnownFileType = file.storyboard; path = InstructorMain.storyboard; sourceTree = "<group>"; };
		37A32A2223C52FEC00A693BC /* ClientMain.storyboard */ = {isa = PBXFileReference; lastKnownFileType = file.storyboard; path = ClientMain.storyboard; sourceTree = "<group>"; };
		37A32A2623C5380900A693BC /* InstructorClassesViewController.swift */ = {isa = PBXFileReference; lastKnownFileType = sourcecode.swift; path = InstructorClassesViewController.swift; sourceTree = "<group>"; };
		37A32A2823C5381700A693BC /* InstructorPunchViewController.swift */ = {isa = PBXFileReference; lastKnownFileType = sourcecode.swift; path = InstructorPunchViewController.swift; sourceTree = "<group>"; };
		37A32A2F23C6E92500A693BC /* NetworkController.swift */ = {isa = PBXFileReference; lastKnownFileType = sourcecode.swift; path = NetworkController.swift; sourceTree = "<group>"; };
		37A32A3123C6E9BF00A693BC /* Token.swift */ = {isa = PBXFileReference; lastKnownFileType = sourcecode.swift; path = Token.swift; sourceTree = "<group>"; };
		37A32A3323C7A0CF00A693BC /* Class.swift */ = {isa = PBXFileReference; lastKnownFileType = sourcecode.swift; path = Class.swift; sourceTree = "<group>"; };
		37C727BB23C7A99700A5D557 /* InstructorClassDetailViewController.swift */ = {isa = PBXFileReference; lastKnownFileType = sourcecode.swift; path = InstructorClassDetailViewController.swift; sourceTree = "<group>"; };
		37C727C023C7B6FF00A5D557 /* ClientClassDetailViewController.swift */ = {isa = PBXFileReference; lastKnownFileType = sourcecode.swift; path = ClientClassDetailViewController.swift; sourceTree = "<group>"; };
		37C727C223C7B71100A5D557 /* ClientSearchDetailViewController.swift */ = {isa = PBXFileReference; lastKnownFileType = sourcecode.swift; path = ClientSearchDetailViewController.swift; sourceTree = "<group>"; };
		37C727C423C7BC0000A5D557 /* ClientClassViewController.swift */ = {isa = PBXFileReference; lastKnownFileType = sourcecode.swift; path = ClientClassViewController.swift; sourceTree = "<group>"; };
		37C727C623C7BC0C00A5D557 /* ClientSearchViewController.swift */ = {isa = PBXFileReference; lastKnownFileType = sourcecode.swift; path = ClientSearchViewController.swift; sourceTree = "<group>"; };
/* End PBXFileReference section */

/* Begin PBXFrameworksBuildPhase section */
		3788BE5F23AB1C8F00A0876A /* Frameworks */ = {
			isa = PBXFrameworksBuildPhase;
			buildActionMask = 2147483647;
			files = (
			);
			runOnlyForDeploymentPostprocessing = 0;
		};
/* End PBXFrameworksBuildPhase section */

/* Begin PBXGroup section */
		3788BE5923AB1C8F00A0876A = {
			isa = PBXGroup;
			children = (
				3788BE6423AB1C8F00A0876A /* AnywhereFitness1 */,
				3788BE6323AB1C8F00A0876A /* Products */,
			);
			sourceTree = "<group>";
		};
		3788BE6323AB1C8F00A0876A /* Products */ = {
			isa = PBXGroup;
			children = (
				3788BE6223AB1C8F00A0876A /* AnywhereFitness1.app */,
			);
			name = Products;
			sourceTree = "<group>";
		};
		3788BE6423AB1C8F00A0876A /* AnywhereFitness1 */ = {
			isa = PBXGroup;
			children = (
				3788BE7F23AB1F5F00A0876A /* Models */,
				3788BE8023AB1F6100A0876A /* Model Controllers */,
				37A32A2E23C6E8F500A693BC /* Networking */,
				3788BE7E23AB1F5D00A0876A /* Views */,
				3788BE7C23AB1F5200A0876A /* View Controllers */,
				3788BE7D23AB1F5B00A0876A /* Storyboards */,
				3788BE6523AB1C8F00A0876A /* AppDelegate.swift */,
				3788BE6723AB1C8F00A0876A /* SceneDelegate.swift */,
				3788BE7123AB1C9200A0876A /* Assets.xcassets */,
				3788BE7323AB1C9200A0876A /* LaunchScreen.storyboard */,
				3788BE7623AB1C9200A0876A /* Info.plist */,
				3788BE6E23AB1C8F00A0876A /* AnywhereFitness1.xcdatamodeld */,
			);
			path = AnywhereFitness1;
			sourceTree = "<group>";
		};
		3788BE7C23AB1F5200A0876A /* View Controllers */ = {
			isa = PBXGroup;
			children = (
				37C727BD23C7B6A300A5D557 /* Login & SignUp */,
				37C727BE23C7B6D000A5D557 /* Instructor */,
				37C727BF23C7B6E000A5D557 /* Client */,
			);
			path = "View Controllers";
			sourceTree = "<group>";
		};
		3788BE7D23AB1F5B00A0876A /* Storyboards */ = {
			isa = PBXGroup;
			children = (
				37A32A1023C524A000A693BC /* Login.storyboard */,
				37A32A1223C524AD00A693BC /* SignUp.storyboard */,
				37A32A1823C5289B00A693BC /* Onboarding.storyboard */,
				37A32A1C23C52EA100A693BC /* InstructorMain.storyboard */,
				37A32A2223C52FEC00A693BC /* ClientMain.storyboard */,
			);
			path = Storyboards;
			sourceTree = "<group>";
		};
		3788BE7E23AB1F5D00A0876A /* Views */ = {
			isa = PBXGroup;
			children = (
			);
			path = Views;
			sourceTree = "<group>";
		};
		3788BE7F23AB1F5F00A0876A /* Models */ = {
			isa = PBXGroup;
			children = (
				37A32A3123C6E9BF00A693BC /* Token.swift */,
				37A32A3323C7A0CF00A693BC /* Class.swift */,
				37455EBF23CA615F0062A012 /* PunchPass.swift */,
			);
			path = Models;
			sourceTree = "<group>";
		};
		3788BE8023AB1F6100A0876A /* Model Controllers */ = {
			isa = PBXGroup;
			children = (
			);
			path = "Model Controllers";
			sourceTree = "<group>";
		};
		37A32A2E23C6E8F500A693BC /* Networking */ = {
			isa = PBXGroup;
			children = (
				37A32A2F23C6E92500A693BC /* NetworkController.swift */,
			);
			path = Networking;
			sourceTree = "<group>";
		};
		37C727BD23C7B6A300A5D557 /* Login & SignUp */ = {
			isa = PBXGroup;
			children = (
				37A32A1423C524BF00A693BC /* LoginViewController.swift */,
				37A32A1623C524CA00A693BC /* SignUpViewController.swift */,
				37A32A1A23C52C0E00A693BC /* OnboardingViewController.swift */,
			);
			path = "Login & SignUp";
			sourceTree = "<group>";
		};
		37C727BE23C7B6D000A5D557 /* Instructor */ = {
			isa = PBXGroup;
			children = (
				37A32A2623C5380900A693BC /* InstructorClassesViewController.swift */,
				37C727BB23C7A99700A5D557 /* InstructorClassDetailViewController.swift */,
				37A32A2823C5381700A693BC /* InstructorPunchViewController.swift */,
				37455EBB23CA5C4C0062A012 /* InstructorPunchDetailViewController.swift */,
			);
			path = Instructor;
			sourceTree = "<group>";
		};
		37C727BF23C7B6E000A5D557 /* Client */ = {
			isa = PBXGroup;
			children = (
				37C727C423C7BC0000A5D557 /* ClientClassViewController.swift */,
				37C727C023C7B6FF00A5D557 /* ClientClassDetailViewController.swift */,
				37C727C623C7BC0C00A5D557 /* ClientSearchViewController.swift */,
				37C727C223C7B71100A5D557 /* ClientSearchDetailViewController.swift */,
			);
			path = Client;
			sourceTree = "<group>";
		};
/* End PBXGroup section */

/* Begin PBXNativeTarget section */
		3788BE6123AB1C8F00A0876A /* AnywhereFitness1 */ = {
			isa = PBXNativeTarget;
			buildConfigurationList = 3788BE7923AB1C9200A0876A /* Build configuration list for PBXNativeTarget "AnywhereFitness1" */;
			buildPhases = (
				3788BE5E23AB1C8F00A0876A /* Sources */,
				3788BE5F23AB1C8F00A0876A /* Frameworks */,
				3788BE6023AB1C8F00A0876A /* Resources */,
			);
			buildRules = (
			);
			dependencies = (
			);
			name = AnywhereFitness1;
			productName = AnywhereFitness1;
			productReference = 3788BE6223AB1C8F00A0876A /* AnywhereFitness1.app */;
			productType = "com.apple.product-type.application";
		};
/* End PBXNativeTarget section */

/* Begin PBXProject section */
		3788BE5A23AB1C8F00A0876A /* Project object */ = {
			isa = PBXProject;
			attributes = {
				LastSwiftUpdateCheck = 1130;
				LastUpgradeCheck = 1130;
				ORGANIZATIONNAME = "Bobby Keffury";
				TargetAttributes = {
					3788BE6123AB1C8F00A0876A = {
						CreatedOnToolsVersion = 11.3;
					};
				};
			};
			buildConfigurationList = 3788BE5D23AB1C8F00A0876A /* Build configuration list for PBXProject "AnywhereFitness1" */;
			compatibilityVersion = "Xcode 9.3";
			developmentRegion = en;
			hasScannedForEncodings = 0;
			knownRegions = (
				en,
				Base,
			);
			mainGroup = 3788BE5923AB1C8F00A0876A;
			productRefGroup = 3788BE6323AB1C8F00A0876A /* Products */;
			projectDirPath = "";
			projectRoot = "";
			targets = (
				3788BE6123AB1C8F00A0876A /* AnywhereFitness1 */,
			);
		};
/* End PBXProject section */

/* Begin PBXResourcesBuildPhase section */
		3788BE6023AB1C8F00A0876A /* Resources */ = {
			isa = PBXResourcesBuildPhase;
			buildActionMask = 2147483647;
			files = (
				3788BE7523AB1C9200A0876A /* LaunchScreen.storyboard in Resources */,
				37A32A1923C5289B00A693BC /* Onboarding.storyboard in Resources */,
				3788BE7223AB1C9200A0876A /* Assets.xcassets in Resources */,
				37A32A1D23C52EA100A693BC /* InstructorMain.storyboard in Resources */,
				37A32A1323C524AD00A693BC /* SignUp.storyboard in Resources */,
				37A32A2323C52FEC00A693BC /* ClientMain.storyboard in Resources */,
				37A32A1123C524A000A693BC /* Login.storyboard in Resources */,
			);
			runOnlyForDeploymentPostprocessing = 0;
		};
/* End PBXResourcesBuildPhase section */

/* Begin PBXSourcesBuildPhase section */
		3788BE5E23AB1C8F00A0876A /* Sources */ = {
			isa = PBXSourcesBuildPhase;
			buildActionMask = 2147483647;
			files = (
				37C727C523C7BC0000A5D557 /* ClientClassViewController.swift in Sources */,
				37A32A3023C6E92500A693BC /* NetworkController.swift in Sources */,
				37A32A2923C5381700A693BC /* InstructorPunchViewController.swift in Sources */,
				37A32A3223C6E9BF00A693BC /* Token.swift in Sources */,
				37A32A1523C524BF00A693BC /* LoginViewController.swift in Sources */,
				37A32A1B23C52C0E00A693BC /* OnboardingViewController.swift in Sources */,
				3788BE7023AB1C8F00A0876A /* AnywhereFitness1.xcdatamodeld in Sources */,
				37C727C323C7B71100A5D557 /* ClientSearchDetailViewController.swift in Sources */,
				37C727C123C7B6FF00A5D557 /* ClientClassDetailViewController.swift in Sources */,
				37A32A2723C5380900A693BC /* InstructorClassesViewController.swift in Sources */,
				37455EBC23CA5C4C0062A012 /* InstructorPunchDetailViewController.swift in Sources */,
				37C727BC23C7A99700A5D557 /* InstructorClassDetailViewController.swift in Sources */,
				37A32A3423C7A0CF00A693BC /* Class.swift in Sources */,
				3788BE6623AB1C8F00A0876A /* AppDelegate.swift in Sources */,
				3788BE6823AB1C8F00A0876A /* SceneDelegate.swift in Sources */,
				37C727C723C7BC0C00A5D557 /* ClientSearchViewController.swift in Sources */,
				37A32A1723C524CA00A693BC /* SignUpViewController.swift in Sources */,
				37455EC023CA615F0062A012 /* PunchPass.swift in Sources */,
			);
			runOnlyForDeploymentPostprocessing = 0;
		};
/* End PBXSourcesBuildPhase section */

/* Begin PBXVariantGroup section */
		3788BE7323AB1C9200A0876A /* LaunchScreen.storyboard */ = {
			isa = PBXVariantGroup;
			children = (
				3788BE7423AB1C9200A0876A /* Base */,
			);
			name = LaunchScreen.storyboard;
			sourceTree = "<group>";
		};
/* End PBXVariantGroup section */

/* Begin XCBuildConfiguration section */
		3788BE7723AB1C9200A0876A /* Debug */ = {
			isa = XCBuildConfiguration;
			buildSettings = {
				ALWAYS_SEARCH_USER_PATHS = NO;
				CLANG_ANALYZER_NONNULL = YES;
				CLANG_ANALYZER_NUMBER_OBJECT_CONVERSION = YES_AGGRESSIVE;
				CLANG_CXX_LANGUAGE_STANDARD = "gnu++14";
				CLANG_CXX_LIBRARY = "libc++";
				CLANG_ENABLE_MODULES = YES;
				CLANG_ENABLE_OBJC_ARC = YES;
				CLANG_ENABLE_OBJC_WEAK = YES;
				CLANG_WARN_BLOCK_CAPTURE_AUTORELEASING = YES;
				CLANG_WARN_BOOL_CONVERSION = YES;
				CLANG_WARN_COMMA = YES;
				CLANG_WARN_CONSTANT_CONVERSION = YES;
				CLANG_WARN_DEPRECATED_OBJC_IMPLEMENTATIONS = YES;
				CLANG_WARN_DIRECT_OBJC_ISA_USAGE = YES_ERROR;
				CLANG_WARN_DOCUMENTATION_COMMENTS = YES;
				CLANG_WARN_EMPTY_BODY = YES;
				CLANG_WARN_ENUM_CONVERSION = YES;
				CLANG_WARN_INFINITE_RECURSION = YES;
				CLANG_WARN_INT_CONVERSION = YES;
				CLANG_WARN_NON_LITERAL_NULL_CONVERSION = YES;
				CLANG_WARN_OBJC_IMPLICIT_RETAIN_SELF = YES;
				CLANG_WARN_OBJC_LITERAL_CONVERSION = YES;
				CLANG_WARN_OBJC_ROOT_CLASS = YES_ERROR;
				CLANG_WARN_RANGE_LOOP_ANALYSIS = YES;
				CLANG_WARN_STRICT_PROTOTYPES = YES;
				CLANG_WARN_SUSPICIOUS_MOVE = YES;
				CLANG_WARN_UNGUARDED_AVAILABILITY = YES_AGGRESSIVE;
				CLANG_WARN_UNREACHABLE_CODE = YES;
				CLANG_WARN__DUPLICATE_METHOD_MATCH = YES;
				COPY_PHASE_STRIP = NO;
				DEBUG_INFORMATION_FORMAT = dwarf;
				ENABLE_STRICT_OBJC_MSGSEND = YES;
				ENABLE_TESTABILITY = YES;
				GCC_C_LANGUAGE_STANDARD = gnu11;
				GCC_DYNAMIC_NO_PIC = NO;
				GCC_NO_COMMON_BLOCKS = YES;
				GCC_OPTIMIZATION_LEVEL = 0;
				GCC_PREPROCESSOR_DEFINITIONS = (
					"DEBUG=1",
					"$(inherited)",
				);
				GCC_WARN_64_TO_32_BIT_CONVERSION = YES;
				GCC_WARN_ABOUT_RETURN_TYPE = YES_ERROR;
				GCC_WARN_UNDECLARED_SELECTOR = YES;
				GCC_WARN_UNINITIALIZED_AUTOS = YES_AGGRESSIVE;
				GCC_WARN_UNUSED_FUNCTION = YES;
				GCC_WARN_UNUSED_VARIABLE = YES;
				IPHONEOS_DEPLOYMENT_TARGET = 13.2;
				MTL_ENABLE_DEBUG_INFO = INCLUDE_SOURCE;
				MTL_FAST_MATH = YES;
				ONLY_ACTIVE_ARCH = YES;
				SDKROOT = iphoneos;
				SWIFT_ACTIVE_COMPILATION_CONDITIONS = DEBUG;
				SWIFT_OPTIMIZATION_LEVEL = "-Onone";
			};
			name = Debug;
		};
		3788BE7823AB1C9200A0876A /* Release */ = {
			isa = XCBuildConfiguration;
			buildSettings = {
				ALWAYS_SEARCH_USER_PATHS = NO;
				CLANG_ANALYZER_NONNULL = YES;
				CLANG_ANALYZER_NUMBER_OBJECT_CONVERSION = YES_AGGRESSIVE;
				CLANG_CXX_LANGUAGE_STANDARD = "gnu++14";
				CLANG_CXX_LIBRARY = "libc++";
				CLANG_ENABLE_MODULES = YES;
				CLANG_ENABLE_OBJC_ARC = YES;
				CLANG_ENABLE_OBJC_WEAK = YES;
				CLANG_WARN_BLOCK_CAPTURE_AUTORELEASING = YES;
				CLANG_WARN_BOOL_CONVERSION = YES;
				CLANG_WARN_COMMA = YES;
				CLANG_WARN_CONSTANT_CONVERSION = YES;
				CLANG_WARN_DEPRECATED_OBJC_IMPLEMENTATIONS = YES;
				CLANG_WARN_DIRECT_OBJC_ISA_USAGE = YES_ERROR;
				CLANG_WARN_DOCUMENTATION_COMMENTS = YES;
				CLANG_WARN_EMPTY_BODY = YES;
				CLANG_WARN_ENUM_CONVERSION = YES;
				CLANG_WARN_INFINITE_RECURSION = YES;
				CLANG_WARN_INT_CONVERSION = YES;
				CLANG_WARN_NON_LITERAL_NULL_CONVERSION = YES;
				CLANG_WARN_OBJC_IMPLICIT_RETAIN_SELF = YES;
				CLANG_WARN_OBJC_LITERAL_CONVERSION = YES;
				CLANG_WARN_OBJC_ROOT_CLASS = YES_ERROR;
				CLANG_WARN_RANGE_LOOP_ANALYSIS = YES;
				CLANG_WARN_STRICT_PROTOTYPES = YES;
				CLANG_WARN_SUSPICIOUS_MOVE = YES;
				CLANG_WARN_UNGUARDED_AVAILABILITY = YES_AGGRESSIVE;
				CLANG_WARN_UNREACHABLE_CODE = YES;
				CLANG_WARN__DUPLICATE_METHOD_MATCH = YES;
				COPY_PHASE_STRIP = NO;
				DEBUG_INFORMATION_FORMAT = "dwarf-with-dsym";
				ENABLE_NS_ASSERTIONS = NO;
				ENABLE_STRICT_OBJC_MSGSEND = YES;
				GCC_C_LANGUAGE_STANDARD = gnu11;
				GCC_NO_COMMON_BLOCKS = YES;
				GCC_WARN_64_TO_32_BIT_CONVERSION = YES;
				GCC_WARN_ABOUT_RETURN_TYPE = YES_ERROR;
				GCC_WARN_UNDECLARED_SELECTOR = YES;
				GCC_WARN_UNINITIALIZED_AUTOS = YES_AGGRESSIVE;
				GCC_WARN_UNUSED_FUNCTION = YES;
				GCC_WARN_UNUSED_VARIABLE = YES;
				IPHONEOS_DEPLOYMENT_TARGET = 13.2;
				MTL_ENABLE_DEBUG_INFO = NO;
				MTL_FAST_MATH = YES;
				SDKROOT = iphoneos;
				SWIFT_COMPILATION_MODE = wholemodule;
				SWIFT_OPTIMIZATION_LEVEL = "-O";
				VALIDATE_PRODUCT = YES;
			};
			name = Release;
		};
		3788BE7A23AB1C9200A0876A /* Debug */ = {
			isa = XCBuildConfiguration;
			buildSettings = {
				ASSETCATALOG_COMPILER_APPICON_NAME = AppIcon;
				CODE_SIGN_STYLE = Automatic;
				CURRENT_PROJECT_VERSION = 2;
				DEVELOPMENT_TEAM = VXUQXR6S56;
				INFOPLIST_FILE = AnywhereFitness1/Info.plist;
				LD_RUNPATH_SEARCH_PATHS = (
					"$(inherited)",
					"@executable_path/Frameworks",
				);
				PRODUCT_BUNDLE_IDENTIFIER = com.BobbyKeffury.AnywhereFitness1;
				PRODUCT_NAME = "$(TARGET_NAME)";
				SWIFT_VERSION = 5.0;
				TARGETED_DEVICE_FAMILY = "1,2";
			};
			name = Debug;
		};
		3788BE7B23AB1C9200A0876A /* Release */ = {
			isa = XCBuildConfiguration;
			buildSettings = {
				ASSETCATALOG_COMPILER_APPICON_NAME = AppIcon;
				CODE_SIGN_STYLE = Automatic;
				CURRENT_PROJECT_VERSION = 2;
				DEVELOPMENT_TEAM = VXUQXR6S56;
				INFOPLIST_FILE = AnywhereFitness1/Info.plist;
				LD_RUNPATH_SEARCH_PATHS = (
					"$(inherited)",
					"@executable_path/Frameworks",
				);
				PRODUCT_BUNDLE_IDENTIFIER = com.BobbyKeffury.AnywhereFitness1;
				PRODUCT_NAME = "$(TARGET_NAME)";
				SWIFT_VERSION = 5.0;
				TARGETED_DEVICE_FAMILY = "1,2";
			};
			name = Release;
		};
/* End XCBuildConfiguration section */

/* Begin XCConfigurationList section */
		3788BE5D23AB1C8F00A0876A /* Build configuration list for PBXProject "AnywhereFitness1" */ = {
			isa = XCConfigurationList;
			buildConfigurations = (
				3788BE7723AB1C9200A0876A /* Debug */,
				3788BE7823AB1C9200A0876A /* Release */,
			);
			defaultConfigurationIsVisible = 0;
			defaultConfigurationName = Release;
		};
		3788BE7923AB1C9200A0876A /* Build configuration list for PBXNativeTarget "AnywhereFitness1" */ = {
			isa = XCConfigurationList;
			buildConfigurations = (
				3788BE7A23AB1C9200A0876A /* Debug */,
				3788BE7B23AB1C9200A0876A /* Release */,
			);
			defaultConfigurationIsVisible = 0;
			defaultConfigurationName = Release;
		};
/* End XCConfigurationList section */

/* Begin XCVersionGroup section */
		3788BE6E23AB1C8F00A0876A /* AnywhereFitness1.xcdatamodeld */ = {
			isa = XCVersionGroup;
			children = (
				3788BE6F23AB1C8F00A0876A /* AnywhereFitness1.xcdatamodel */,
			);
			currentVersion = 3788BE6F23AB1C8F00A0876A /* AnywhereFitness1.xcdatamodel */;
			path = AnywhereFitness1.xcdatamodeld;
			sourceTree = "<group>";
			versionGroupType = wrapper.xcdatamodel;
		};
/* End XCVersionGroup section */
	};
	rootObject = 3788BE5A23AB1C8F00A0876A /* Project object */;
}
